
Microsoft Visual Studio Solution File, Format Version 12.00
# Visual Studio 15
VisualStudioVersion = 15.0.26730.12
MinimumVisualStudioVersion = 10.0.40219.1
Project("{FAE04EC0-301F-11D3-BF4B-00C04F79EFBC}") = "CarFinderXamarin.Android", "CarFinderXamarin\CarFinderXamarin.Android\CarFinderXamarin.Android.csproj", "{7EB33A09-C44D-4AD1-95CE-5B1DE9130182}"
EndProject
Project("{FAE04EC0-301F-11D3-BF4B-00C04F79EFBC}") = "CarFinderXamarin", "CarFinderXamarin\CarFinderXamarin\CarFinderXamarin.csproj", "{56B17AC5-6A67-405E-84CC-F8F571008BCF}"
EndProject
Project("{FAE04EC0-301F-11D3-BF4B-00C04F79EFBC}") = "CarFinderXamarin.UWP", "CarFinderXamarin\CarFinderXamarin.UWP\CarFinderXamarin.UWP.csproj", "{0146F4E0-5043-4A64-8472-027745D42A6B}"
EndProject
Project("{FAE04EC0-301F-11D3-BF4B-00C04F79EFBC}") = "CarFinderXamarin.iOS", "CarFinderXamarin\CarFinderXamarin.iOS\CarFinderXamarin.iOS.csproj", "{E7F4AAFC-87FA-45E5-BC63-3B588A6671B1}"
EndProject
Global
	GlobalSection(SolutionConfigurationPlatforms) = preSolution
		Ad-Hoc|Any CPU = Ad-Hoc|Any CPU
		Ad-Hoc|ARM = Ad-Hoc|ARM
		Ad-Hoc|iPhone = Ad-Hoc|iPhone
		Ad-Hoc|iPhoneSimulator = Ad-Hoc|iPhoneSimulator
		Ad-Hoc|x64 = Ad-Hoc|x64
		Ad-Hoc|x86 = Ad-Hoc|x86
		AppStore|Any CPU = AppStore|Any CPU
		AppStore|ARM = AppStore|ARM
		AppStore|iPhone = AppStore|iPhone
		AppStore|iPhoneSimulator = AppStore|iPhoneSimulator
		AppStore|x64 = AppStore|x64
		AppStore|x86 = AppStore|x86
		Debug|Any CPU = Debug|Any CPU
		Debug|ARM = Debug|ARM
		Debug|iPhone = Debug|iPhone
		Debug|iPhoneSimulator = Debug|iPhoneSimulator
		Debug|x64 = Debug|x64
		Debug|x86 = Debug|x86
		Release|Any CPU = Release|Any CPU
		Release|ARM = Release|ARM
		Release|iPhone = Release|iPhone
		Release|iPhoneSimulator = Release|iPhoneSimulator
		Release|x64 = Release|x64
		Release|x86 = Release|x86
	EndGlobalSection
	GlobalSection(ProjectConfigurationPlatforms) = postSolution
		{7EB33A09-C44D-4AD1-95CE-5B1DE9130182}.Ad-Hoc|Any CPU.ActiveCfg = Release|Any CPU
		{7EB33A09-C44D-4AD1-95CE-5B1DE9130182}.Ad-Hoc|Any CPU.Build.0 = Release|Any CPU
		{7EB33A09-C44D-4AD1-95CE-5B1DE9130182}.Ad-Hoc|Any CPU.Deploy.0 = Release|Any CPU
		{7EB33A09-C44D-4AD1-95CE-5B1DE9130182}.Ad-Hoc|ARM.ActiveCfg = Release|Any CPU
		{7EB33A09-C44D-4AD1-95CE-5B1DE9130182}.Ad-Hoc|ARM.Build.0 = Release|Any CPU
		{7EB33A09-C44D-4AD1-95CE-5B1DE9130182}.Ad-Hoc|ARM.Deploy.0 = Release|Any CPU
		{7EB33A09-C44D-4AD1-95CE-5B1DE9130182}.Ad-Hoc|iPhone.ActiveCfg = Release|Any CPU
		{7EB33A09-C44D-4AD1-95CE-5B1DE9130182}.Ad-Hoc|iPhone.Build.0 = Release|Any CPU
		{7EB33A09-C44D-4AD1-95CE-5B1DE9130182}.Ad-Hoc|iPhone.Deploy.0 = Release|Any CPU
		{7EB33A09-C44D-4AD1-95CE-5B1DE9130182}.Ad-Hoc|iPhoneSimulator.ActiveCfg = Release|Any CPU
		{7EB33A09-C44D-4AD1-95CE-5B1DE9130182}.Ad-Hoc|iPhoneSimulator.Build.0 = Release|Any CPU
		{7EB33A09-C44D-4AD1-95CE-5B1DE9130182}.Ad-Hoc|iPhoneSimulator.Deploy.0 = Release|Any CPU
		{7EB33A09-C44D-4AD1-95CE-5B1DE9130182}.Ad-Hoc|x64.ActiveCfg = Release|Any CPU
		{7EB33A09-C44D-4AD1-95CE-5B1DE9130182}.Ad-Hoc|x64.Build.0 = Release|Any CPU
		{7EB33A09-C44D-4AD1-95CE-5B1DE9130182}.Ad-Hoc|x64.Deploy.0 = Release|Any CPU
		{7EB33A09-C44D-4AD1-95CE-5B1DE9130182}.Ad-Hoc|x86.ActiveCfg = Release|Any CPU
		{7EB33A09-C44D-4AD1-95CE-5B1DE9130182}.Ad-Hoc|x86.Build.0 = Release|Any CPU
		{7EB33A09-C44D-4AD1-95CE-5B1DE9130182}.Ad-Hoc|x86.Deploy.0 = Release|Any CPU
		{7EB33A09-C44D-4AD1-95CE-5B1DE9130182}.AppStore|Any CPU.ActiveCfg = Release|Any CPU
		{7EB33A09-C44D-4AD1-95CE-5B1DE9130182}.AppStore|Any CPU.Build.0 = Release|Any CPU
		{7EB33A09-C44D-4AD1-95CE-5B1DE9130182}.AppStore|Any CPU.Deploy.0 = Release|Any CPU
		{7EB33A09-C44D-4AD1-95CE-5B1DE9130182}.AppStore|ARM.ActiveCfg = Release|Any CPU
		{7EB33A09-C44D-4AD1-95CE-5B1DE9130182}.AppStore|ARM.Build.0 = Release|Any CPU
		{7EB33A09-C44D-4AD1-95CE-5B1DE9130182}.AppStore|ARM.Deploy.0 = Release|Any CPU
		{7EB33A09-C44D-4AD1-95CE-5B1DE9130182}.AppStore|iPhone.ActiveCfg = Release|Any CPU
		{7EB33A09-C44D-4AD1-95CE-5B1DE9130182}.AppStore|iPhone.Build.0 = Release|Any CPU
		{7EB33A09-C44D-4AD1-95CE-5B1DE9130182}.AppStore|iPhone.Deploy.0 = Release|Any CPU
		{7EB33A09-C44D-4AD1-95CE-5B1DE9130182}.AppStore|iPhoneSimulator.ActiveCfg = Release|Any CPU
		{7EB33A09-C44D-4AD1-95CE-5B1DE9130182}.AppStore|iPhoneSimulator.Build.0 = Release|Any CPU
		{7EB33A09-C44D-4AD1-95CE-5B1DE9130182}.AppStore|iPhoneSimulator.Deploy.0 = Release|Any CPU
		{7EB33A09-C44D-4AD1-95CE-5B1DE9130182}.AppStore|x64.ActiveCfg = Release|Any CPU
		{7EB33A09-C44D-4AD1-95CE-5B1DE9130182}.AppStore|x64.Build.0 = Release|Any CPU
		{7EB33A09-C44D-4AD1-95CE-5B1DE9130182}.AppStore|x64.Deploy.0 = Release|Any CPU
		{7EB33A09-C44D-4AD1-95CE-5B1DE9130182}.AppStore|x86.ActiveCfg = Release|Any CPU
		{7EB33A09-C44D-4AD1-95CE-5B1DE9130182}.AppStore|x86.Build.0 = Release|Any CPU
		{7EB33A09-C44D-4AD1-95CE-5B1DE9130182}.AppStore|x86.Deploy.0 = Release|Any CPU
		{7EB33A09-C44D-4AD1-95CE-5B1DE9130182}.Debug|Any CPU.ActiveCfg = Debug|Any CPU
		{7EB33A09-C44D-4AD1-95CE-5B1DE9130182}.Debug|Any CPU.Build.0 = Debug|Any CPU
		{7EB33A09-C44D-4AD1-95CE-5B1DE9130182}.Debug|Any CPU.Deploy.0 = Debug|Any CPU
		{7EB33A09-C44D-4AD1-95CE-5B1DE9130182}.Debug|ARM.ActiveCfg = Debug|Any CPU
		{7EB33A09-C44D-4AD1-95CE-5B1DE9130182}.Debug|ARM.Build.0 = Debug|Any CPU
		{7EB33A09-C44D-4AD1-95CE-5B1DE9130182}.Debug|ARM.Deploy.0 = Debug|Any CPU
		{7EB33A09-C44D-4AD1-95CE-5B1DE9130182}.Debug|iPhone.ActiveCfg = Debug|Any CPU
		{7EB33A09-C44D-4AD1-95CE-5B1DE9130182}.Debug|iPhone.Build.0 = Debug|Any CPU
		{7EB33A09-C44D-4AD1-95CE-5B1DE9130182}.Debug|iPhone.Deploy.0 = Debug|Any CPU
		{7EB33A09-C44D-4AD1-95CE-5B1DE9130182}.Debug|iPhoneSimulator.ActiveCfg = Debug|Any CPU
		{7EB33A09-C44D-4AD1-95CE-5B1DE9130182}.Debug|iPhoneSimulator.Build.0 = Debug|Any CPU
		{7EB33A09-C44D-4AD1-95CE-5B1DE9130182}.Debug|iPhoneSimulator.Deploy.0 = Debug|Any CPU
		{7EB33A09-C44D-4AD1-95CE-5B1DE9130182}.Debug|x64.ActiveCfg = Debug|Any CPU
		{7EB33A09-C44D-4AD1-95CE-5B1DE9130182}.Debug|x64.Build.0 = Debug|Any CPU
		{7EB33A09-C44D-4AD1-95CE-5B1DE9130182}.Debug|x64.Deploy.0 = Debug|Any CPU
		{7EB33A09-C44D-4AD1-95CE-5B1DE9130182}.Debug|x86.ActiveCfg = Debug|Any CPU
		{7EB33A09-C44D-4AD1-95CE-5B1DE9130182}.Debug|x86.Build.0 = Debug|Any CPU
		{7EB33A09-C44D-4AD1-95CE-5B1DE9130182}.Debug|x86.Deploy.0 = Debug|Any CPU
		{7EB33A09-C44D-4AD1-95CE-5B1DE9130182}.Release|Any CPU.ActiveCfg = Release|Any CPU
		{7EB33A09-C44D-4AD1-95CE-5B1DE9130182}.Release|Any CPU.Build.0 = Release|Any CPU
		{7EB33A09-C44D-4AD1-95CE-5B1DE9130182}.Release|Any CPU.Deploy.0 = Release|Any CPU
		{7EB33A09-C44D-4AD1-95CE-5B1DE9130182}.Release|ARM.ActiveCfg = Release|Any CPU
		{7EB33A09-C44D-4AD1-95CE-5B1DE9130182}.Release|ARM.Build.0 = Release|Any CPU
		{7EB33A09-C44D-4AD1-95CE-5B1DE9130182}.Release|ARM.Deploy.0 = Release|Any CPU
		{7EB33A09-C44D-4AD1-95CE-5B1DE9130182}.Release|iPhone.ActiveCfg = Release|Any CPU
		{7EB33A09-C44D-4AD1-95CE-5B1DE9130182}.Release|iPhone.Build.0 = Release|Any CPU
		{7EB33A09-C44D-4AD1-95CE-5B1DE9130182}.Release|iPhone.Deploy.0 = Release|Any CPU
		{7EB33A09-C44D-4AD1-95CE-5B1DE9130182}.Release|iPhoneSimulator.ActiveCfg = Release|Any CPU
		{7EB33A09-C44D-4AD1-95CE-5B1DE9130182}.Release|iPhoneSimulator.Build.0 = Release|Any CPU
		{7EB33A09-C44D-4AD1-95CE-5B1DE9130182}.Release|iPhoneSimulator.Deploy.0 = Release|Any CPU
		{7EB33A09-C44D-4AD1-95CE-5B1DE9130182}.Release|x64.ActiveCfg = Release|Any CPU
		{7EB33A09-C44D-4AD1-95CE-5B1DE9130182}.Release|x64.Build.0 = Release|Any CPU
		{7EB33A09-C44D-4AD1-95CE-5B1DE9130182}.Release|x64.Deploy.0 = Release|Any CPU
		{7EB33A09-C44D-4AD1-95CE-5B1DE9130182}.Release|x86.ActiveCfg = Release|Any CPU
		{7EB33A09-C44D-4AD1-95CE-5B1DE9130182}.Release|x86.Build.0 = Release|Any CPU
		{7EB33A09-C44D-4AD1-95CE-5B1DE9130182}.Release|x86.Deploy.0 = Release|Any CPU
		{56B17AC5-6A67-405E-84CC-F8F571008BCF}.Ad-Hoc|Any CPU.ActiveCfg = Release|Any CPU
		{56B17AC5-6A67-405E-84CC-F8F571008BCF}.Ad-Hoc|Any CPU.Build.0 = Release|Any CPU
		{56B17AC5-6A67-405E-84CC-F8F571008BCF}.Ad-Hoc|ARM.ActiveCfg = Release|Any CPU
		{56B17AC5-6A67-405E-84CC-F8F571008BCF}.Ad-Hoc|ARM.Build.0 = Release|Any CPU
		{56B17AC5-6A67-405E-84CC-F8F571008BCF}.Ad-Hoc|iPhone.ActiveCfg = Release|Any CPU
		{56B17AC5-6A67-405E-84CC-F8F571008BCF}.Ad-Hoc|iPhone.Build.0 = Release|Any CPU
		{56B17AC5-6A67-405E-84CC-F8F571008BCF}.Ad-Hoc|iPhoneSimulator.ActiveCfg = Release|Any CPU
		{56B17AC5-6A67-405E-84CC-F8F571008BCF}.Ad-Hoc|iPhoneSimulator.Build.0 = Release|Any CPU
		{56B17AC5-6A67-405E-84CC-F8F571008BCF}.Ad-Hoc|x64.ActiveCfg = Release|Any CPU
		{56B17AC5-6A67-405E-84CC-F8F571008BCF}.Ad-Hoc|x64.Build.0 = Release|Any CPU
		{56B17AC5-6A67-405E-84CC-F8F571008BCF}.Ad-Hoc|x86.ActiveCfg = Release|Any CPU
		{56B17AC5-6A67-405E-84CC-F8F571008BCF}.Ad-Hoc|x86.Build.0 = Release|Any CPU
		{56B17AC5-6A67-405E-84CC-F8F571008BCF}.AppStore|Any CPU.ActiveCfg = Release|Any CPU
		{56B17AC5-6A67-405E-84CC-F8F571008BCF}.AppStore|Any CPU.Build.0 = Release|Any CPU
		{56B17AC5-6A67-405E-84CC-F8F571008BCF}.AppStore|ARM.ActiveCfg = Release|Any CPU
		{56B17AC5-6A67-405E-84CC-F8F571008BCF}.AppStore|ARM.Build.0 = Release|Any CPU
		{56B17AC5-6A67-405E-84CC-F8F571008BCF}.AppStore|iPhone.ActiveCfg = Release|Any CPU
		{56B17AC5-6A67-405E-84CC-F8F571008BCF}.AppStore|iPhone.Build.0 = Release|Any CPU
		{56B17AC5-6A67-405E-84CC-F8F571008BCF}.AppStore|iPhoneSimulator.ActiveCfg = Release|Any CPU
		{56B17AC5-6A67-405E-84CC-F8F571008BCF}.AppStore|iPhoneSimulator.Build.0 = Release|Any CPU
		{56B17AC5-6A67-405E-84CC-F8F571008BCF}.AppStore|x64.ActiveCfg = Release|Any CPU
		{56B17AC5-6A67-405E-84CC-F8F571008BCF}.AppStore|x64.Build.0 = Release|Any CPU
		{56B17AC5-6A67-405E-84CC-F8F571008BCF}.AppStore|x86.ActiveCfg = Release|Any CPU
		{56B17AC5-6A67-405E-84CC-F8F571008BCF}.AppStore|x86.Build.0 = Release|Any CPU
		{56B17AC5-6A67-405E-84CC-F8F571008BCF}.Debug|Any CPU.ActiveCfg = Debug|Any CPU
		{56B17AC5-6A67-405E-84CC-F8F571008BCF}.Debug|Any CPU.Build.0 = Debug|Any CPU
		{56B17AC5-6A67-405E-84CC-F8F571008BCF}.Debug|ARM.ActiveCfg = Debug|Any CPU
		{56B17AC5-6A67-405E-84CC-F8F571008BCF}.Debug|ARM.Build.0 = Debug|Any CPU
		{56B17AC5-6A67-405E-84CC-F8F571008BCF}.Debug|iPhone.ActiveCfg = Debug|Any CPU
		{56B17AC5-6A67-405E-84CC-F8F571008BCF}.Debug|iPhone.Build.0 = Debug|Any CPU
		{56B17AC5-6A67-405E-84CC-F8F571008BCF}.Debug|iPhoneSimulator.ActiveCfg = Debug|Any CPU
		{56B17AC5-6A67-405E-84CC-F8F571008BCF}.Debug|iPhoneSimulator.Build.0 = Debug|Any CPU
		{56B17AC5-6A67-405E-84CC-F8F571008BCF}.Debug|x64.ActiveCfg = Debug|Any CPU
		{56B17AC5-6A67-405E-84CC-F8F571008BCF}.Debug|x64.Build.0 = Debug|Any CPU
		{56B17AC5-6A67-405E-84CC-F8F571008BCF}.Debug|x86.ActiveCfg = Debug|Any CPU
		{56B17AC5-6A67-405E-84CC-F8F571008BCF}.Debug|x86.Build.0 = Debug|Any CPU
		{56B17AC5-6A67-405E-84CC-F8F571008BCF}.Release|Any CPU.ActiveCfg = Release|Any CPU
		{56B17AC5-6A67-405E-84CC-F8F571008BCF}.Release|Any CPU.Build.0 = Release|Any CPU
		{56B17AC5-6A67-405E-84CC-F8F571008BCF}.Release|ARM.ActiveCfg = Release|Any CPU
		{56B17AC5-6A67-405E-84CC-F8F571008BCF}.Release|ARM.Build.0 = Release|Any CPU
		{56B17AC5-6A67-405E-84CC-F8F571008BCF}.Release|iPhone.ActiveCfg = Release|Any CPU
		{56B17AC5-6A67-405E-84CC-F8F571008BCF}.Release|iPhone.Build.0 = Release|Any CPU
		{56B17AC5-6A67-405E-84CC-F8F571008BCF}.Release|iPhoneSimulator.ActiveCfg = Release|Any CPU
		{56B17AC5-6A67-405E-84CC-F8F571008BCF}.Release|iPhoneSimulator.Build.0 = Release|Any CPU
		{56B17AC5-6A67-405E-84CC-F8F571008BCF}.Release|x64.ActiveCfg = Release|Any CPU
		{56B17AC5-6A67-405E-84CC-F8F571008BCF}.Release|x64.Build.0 = Release|Any CPU
		{56B17AC5-6A67-405E-84CC-F8F571008BCF}.Release|x86.ActiveCfg = Release|Any CPU
		{56B17AC5-6A67-405E-84CC-F8F571008BCF}.Release|x86.Build.0 = Release|Any CPU
		{0146F4E0-5043-4A64-8472-027745D42A6B}.Ad-Hoc|Any CPU.ActiveCfg = Release|x86
		{0146F4E0-5043-4A64-8472-027745D42A6B}.Ad-Hoc|Any CPU.Build.0 = Release|x86
		{0146F4E0-5043-4A64-8472-027745D42A6B}.Ad-Hoc|Any CPU.Deploy.0 = Release|x86
		{0146F4E0-5043-4A64-8472-027745D42A6B}.Ad-Hoc|ARM.ActiveCfg = Release|ARM
		{0146F4E0-5043-4A64-8472-027745D42A6B}.Ad-Hoc|ARM.Build.0 = Release|ARM
		{0146F4E0-5043-4A64-8472-027745D42A6B}.Ad-Hoc|ARM.Deploy.0 = Release|ARM
		{0146F4E0-5043-4A64-8472-027745D42A6B}.Ad-Hoc|iPhone.ActiveCfg = Release|x86
		{0146F4E0-5043-4A64-8472-027745D42A6B}.Ad-Hoc|iPhone.Build.0 = Release|x86
		{0146F4E0-5043-4A64-8472-027745D42A6B}.Ad-Hoc|iPhone.Deploy.0 = Release|x86
		{0146F4E0-5043-4A64-8472-027745D42A6B}.Ad-Hoc|iPhoneSimulator.ActiveCfg = Release|x86
		{0146F4E0-5043-4A64-8472-027745D42A6B}.Ad-Hoc|iPhoneSimulator.Build.0 = Release|x86
		{0146F4E0-5043-4A64-8472-027745D42A6B}.Ad-Hoc|iPhoneSimulator.Deploy.0 = Release|x86
		{0146F4E0-5043-4A64-8472-027745D42A6B}.Ad-Hoc|x64.ActiveCfg = Release|x64
		{0146F4E0-5043-4A64-8472-027745D42A6B}.Ad-Hoc|x64.Build.0 = Release|x64
		{0146F4E0-5043-4A64-8472-027745D42A6B}.Ad-Hoc|x64.Deploy.0 = Release|x64
		{0146F4E0-5043-4A64-8472-027745D42A6B}.Ad-Hoc|x86.ActiveCfg = Release|x86
		{0146F4E0-5043-4A64-8472-027745D42A6B}.Ad-Hoc|x86.Build.0 = Release|x86
		{0146F4E0-5043-4A64-8472-027745D42A6B}.Ad-Hoc|x86.Deploy.0 = Release|x86
		{0146F4E0-5043-4A64-8472-027745D42A6B}.AppStore|Any CPU.ActiveCfg = Release|x86
		{0146F4E0-5043-4A64-8472-027745D42A6B}.AppStore|Any CPU.Build.0 = Release|x86
		{0146F4E0-5043-4A64-8472-027745D42A6B}.AppStore|Any CPU.Deploy.0 = Release|x86
		{0146F4E0-5043-4A64-8472-027745D42A6B}.AppStore|ARM.ActiveCfg = Release|ARM
		{0146F4E0-5043-4A64-8472-027745D42A6B}.AppStore|ARM.Build.0 = Release|ARM
		{0146F4E0-5043-4A64-8472-027745D42A6B}.AppStore|ARM.Deploy.0 = Release|ARM
		{0146F4E0-5043-4A64-8472-027745D42A6B}.AppStore|iPhone.ActiveCfg = Release|x86
		{0146F4E0-5043-4A64-8472-027745D42A6B}.AppStore|iPhone.Build.0 = Release|x86
		{0146F4E0-5043-4A64-8472-027745D42A6B}.AppStore|iPhone.Deploy.0 = Release|x86
		{0146F4E0-5043-4A64-8472-027745D42A6B}.AppStore|iPhoneSimulator.ActiveCfg = Release|x86
		{0146F4E0-5043-4A64-8472-027745D42A6B}.AppStore|iPhoneSimulator.Build.0 = Release|x86
		{0146F4E0-5043-4A64-8472-027745D42A6B}.AppStore|iPhoneSimulator.Deploy.0 = Release|x86
		{0146F4E0-5043-4A64-8472-027745D42A6B}.AppStore|x64.ActiveCfg = Release|x64
		{0146F4E0-5043-4A64-8472-027745D42A6B}.AppStore|x64.Build.0 = Release|x64
		{0146F4E0-5043-4A64-8472-027745D42A6B}.AppStore|x64.Deploy.0 = Release|x64
		{0146F4E0-5043-4A64-8472-027745D42A6B}.AppStore|x86.ActiveCfg = Release|x86
		{0146F4E0-5043-4A64-8472-027745D42A6B}.AppStore|x86.Build.0 = Release|x86
		{0146F4E0-5043-4A64-8472-027745D42A6B}.AppStore|x86.Deploy.0 = Release|x86
		{0146F4E0-5043-4A64-8472-027745D42A6B}.Debug|Any CPU.ActiveCfg = Debug|x86
		{0146F4E0-5043-4A64-8472-027745D42A6B}.Debug|ARM.ActiveCfg = Debug|ARM
		{0146F4E0-5043-4A64-8472-027745D42A6B}.Debug|ARM.Build.0 = Debug|ARM
		{0146F4E0-5043-4A64-8472-027745D42A6B}.Debug|ARM.Deploy.0 = Debug|ARM
		{0146F4E0-5043-4A64-8472-027745D42A6B}.Debug|iPhone.ActiveCfg = Debug|x86
		{0146F4E0-5043-4A64-8472-027745D42A6B}.Debug|iPhoneSimulator.ActiveCfg = Debug|x86
		{0146F4E0-5043-4A64-8472-027745D42A6B}.Debug|x64.ActiveCfg = Debug|x64
		{0146F4E0-5043-4A64-8472-027745D42A6B}.Debug|x64.Build.0 = Debug|x64
		{0146F4E0-5043-4A64-8472-027745D42A6B}.Debug|x64.Deploy.0 = Debug|x64
		{0146F4E0-5043-4A64-8472-027745D42A6B}.Debug|x86.ActiveCfg = Debug|x86
		{0146F4E0-5043-4A64-8472-027745D42A6B}.Debug|x86.Build.0 = Debug|x86
		{0146F4E0-5043-4A64-8472-027745D42A6B}.Debug|x86.Deploy.0 = Debug|x86
		{0146F4E0-5043-4A64-8472-027745D42A6B}.Release|Any CPU.ActiveCfg = Release|x86
		{0146F4E0-5043-4A64-8472-027745D42A6B}.Release|ARM.ActiveCfg = Release|ARM
		{0146F4E0-5043-4A64-8472-027745D42A6B}.Release|ARM.Build.0 = Release|ARM
		{0146F4E0-5043-4A64-8472-027745D42A6B}.Release|ARM.Deploy.0 = Release|ARM
		{0146F4E0-5043-4A64-8472-027745D42A6B}.Release|iPhone.ActiveCfg = Release|x86
		{0146F4E0-5043-4A64-8472-027745D42A6B}.Release|iPhoneSimulator.ActiveCfg = Release|x86
		{0146F4E0-5043-4A64-8472-027745D42A6B}.Release|x64.ActiveCfg = Release|x64
		{0146F4E0-5043-4A64-8472-027745D42A6B}.Release|x64.Build.0 = Release|x64
		{0146F4E0-5043-4A64-8472-027745D42A6B}.Release|x64.Deploy.0 = Release|x64
		{0146F4E0-5043-4A64-8472-027745D42A6B}.Release|x86.ActiveCfg = Release|x86
		{0146F4E0-5043-4A64-8472-027745D42A6B}.Release|x86.Build.0 = Release|x86
		{0146F4E0-5043-4A64-8472-027745D42A6B}.Release|x86.Deploy.0 = Release|x86
		{E7F4AAFC-87FA-45E5-BC63-3B588A6671B1}.Ad-Hoc|Any CPU.ActiveCfg = Ad-Hoc|iPhone
		{E7F4AAFC-87FA-45E5-BC63-3B588A6671B1}.Ad-Hoc|ARM.ActiveCfg = Ad-Hoc|iPhone
		{E7F4AAFC-87FA-45E5-BC63-3B588A6671B1}.Ad-Hoc|iPhone.ActiveCfg = Ad-Hoc|iPhone
		{E7F4AAFC-87FA-45E5-BC63-3B588A6671B1}.Ad-Hoc|iPhone.Build.0 = Ad-Hoc|iPhone
		{E7F4AAFC-87FA-45E5-BC63-3B588A6671B1}.Ad-Hoc|iPhoneSimulator.ActiveCfg = Ad-Hoc|iPhoneSimulator
		{E7F4AAFC-87FA-45E5-BC63-3B588A6671B1}.Ad-Hoc|iPhoneSimulator.Build.0 = Ad-Hoc|iPhoneSimulator
		{E7F4AAFC-87FA-45E5-BC63-3B588A6671B1}.Ad-Hoc|x64.ActiveCfg = Ad-Hoc|iPhone
		{E7F4AAFC-87FA-45E5-BC63-3B588A6671B1}.Ad-Hoc|x86.ActiveCfg = Ad-Hoc|iPhone
		{E7F4AAFC-87FA-45E5-BC63-3B588A6671B1}.AppStore|Any CPU.ActiveCfg = AppStore|iPhone
		{E7F4AAFC-87FA-45E5-BC63-3B588A6671B1}.AppStore|ARM.ActiveCfg = AppStore|iPhone
		{E7F4AAFC-87FA-45E5-BC63-3B588A6671B1}.AppStore|iPhone.ActiveCfg = AppStore|iPhone
		{E7F4AAFC-87FA-45E5-BC63-3B588A6671B1}.AppStore|iPhone.Build.0 = AppStore|iPhone
		{E7F4AAFC-87FA-45E5-BC63-3B588A6671B1}.AppStore|iPhoneSimulator.ActiveCfg = AppStore|iPhoneSimulator
		{E7F4AAFC-87FA-45E5-BC63-3B588A6671B1}.AppStore|iPhoneSimulator.Build.0 = AppStore|iPhoneSimulator
		{E7F4AAFC-87FA-45E5-BC63-3B588A6671B1}.AppStore|x64.ActiveCfg = AppStore|iPhone
		{E7F4AAFC-87FA-45E5-BC63-3B588A6671B1}.AppStore|x86.ActiveCfg = AppStore|iPhone
		{E7F4AAFC-87FA-45E5-BC63-3B588A6671B1}.Debug|Any CPU.ActiveCfg = Debug|iPhone
		{E7F4AAFC-87FA-45E5-BC63-3B588A6671B1}.Debug|ARM.ActiveCfg = Debug|iPhone
		{E7F4AAFC-87FA-45E5-BC63-3B588A6671B1}.Debug|iPhone.ActiveCfg = Debug|iPhone
		{E7F4AAFC-87FA-45E5-BC63-3B588A6671B1}.Debug|iPhone.Build.0 = Debug|iPhone
		{E7F4AAFC-87FA-45E5-BC63-3B588A6671B1}.Debug|iPhoneSimulator.ActiveCfg = Debug|iPhoneSimulator
		{E7F4AAFC-87FA-45E5-BC63-3B588A6671B1}.Debug|iPhoneSimulator.Build.0 = Debug|iPhoneSimulator
		{E7F4AAFC-87FA-45E5-BC63-3B588A6671B1}.Debug|x64.ActiveCfg = Debug|iPhone
		{E7F4AAFC-87FA-45E5-BC63-3B588A6671B1}.Debug|x86.ActiveCfg = Debug|iPhone
		{E7F4AAFC-87FA-45E5-BC63-3B588A6671B1}.Release|Any CPU.ActiveCfg = Release|iPhone
		{E7F4AAFC-87FA-45E5-BC63-3B588A6671B1}.Release|ARM.ActiveCfg = Release|iPhone
		{E7F4AAFC-87FA-45E5-BC63-3B588A6671B1}.Release|iPhone.ActiveCfg = Release|iPhone
		{E7F4AAFC-87FA-45E5-BC63-3B588A6671B1}.Release|iPhone.Build.0 = Release|iPhone
		{E7F4AAFC-87FA-45E5-BC63-3B588A6671B1}.Release|iPhoneSimulator.ActiveCfg = Release|iPhoneSimulator
		{E7F4AAFC-87FA-45E5-BC63-3B588A6671B1}.Release|iPhoneSimulator.Build.0 = Release|iPhoneSimulator
		{E7F4AAFC-87FA-45E5-BC63-3B588A6671B1}.Release|x64.ActiveCfg = Release|iPhone
		{E7F4AAFC-87FA-45E5-BC63-3B588A6671B1}.Release|x86.ActiveCfg = Release|iPhone
	EndGlobalSection
	GlobalSection(SolutionProperties) = preSolution
		HideSolutionNode = FALSE
	EndGlobalSection
	GlobalSection(ExtensibilityGlobals) = postSolution
		SolutionGuid = {8F25F9AC-689D-48FA-8240-0D83446CFA5C}
	EndGlobalSection
EndGlobal
